
Microsoft Visual Studio Solution File, Format Version 12.00
# Visual Studio Version 16
VisualStudioVersion = 16.0.32413.511
MinimumVisualStudioVersion = 10.0.40219.1
Project("{FAE04EC0-301F-11D3-BF4B-00C04F79EFBC}") = "the maze house", "the maze house\the maze house.csproj", "{80FDBA1F-8EAD-4441-A7A3-4DD3F6C4EFAB}"
EndProject
Global
	GlobalSection(SolutionConfigurationPlatforms) = preSolution
		Debug|Any CPU = Debug|Any CPU
		Release|Any CPU = Release|Any CPU
	EndGlobalSection
	GlobalSection(ProjectConfigurationPlatforms) = postSolution
		{80FDBA1F-8EAD-4441-A7A3-4DD3F6C4EFAB}.Debug|Any CPU.ActiveCfg = Debug|Any CPU
		{80FDBA1F-8EAD-4441-A7A3-4DD3F6C4EFAB}.Debug|Any CPU.Build.0 = Debug|Any CPU
		{80FDBA1F-8EAD-4441-A7A3-4DD3F6C4EFAB}.Release|Any CPU.ActiveCfg = Release|Any CPU
		{80FDBA1F-8EAD-4441-A7A3-4DD3F6C4EFAB}.Release|Any CPU.Build.0 = Release|Any CPU
	EndGlobalSection
	GlobalSection(SolutionProperties) = preSolution
		HideSolutionNode = FALSE
	EndGlobalSection
	GlobalSection(ExtensibilityGlobals) = postSolution
		SolutionGuid = {42B34309-6C37-4300-989C-AF91DB5191A8}
	EndGlobalSection
EndGlobal
